
Microsoft Visual Studio Solution File, Format Version 12.00
# Visual Studio Version 17
VisualStudioVersion = 17.4.33205.214
MinimumVisualStudioVersion = 10.0.40219.1
Project("{FAE04EC0-301F-11D3-BF4B-00C04F79EFBC}") = "CRUD With Angular", "CRUD With Angular.csproj", "{72F2730A-4DDE-41F4-8CB3-E4CB9EBB9F9C}"
EndProject
Global
	GlobalSection(SolutionConfigurationPlatforms) = preSolution
		Debug|Any CPU = Debug|Any CPU
		Release|Any CPU = Release|Any CPU
	EndGlobalSection
	GlobalSection(ProjectConfigurationPlatforms) = postSolution
		{72F2730A-4DDE-41F4-8CB3-E4CB9EBB9F9C}.Debug|Any CPU.ActiveCfg = Debug|Any CPU
		{72F2730A-4DDE-41F4-8CB3-E4CB9EBB9F9C}.Debug|Any CPU.Build.0 = Debug|Any CPU
		{72F2730A-4DDE-41F4-8CB3-E4CB9EBB9F9C}.Release|Any CPU.ActiveCfg = Release|Any CPU
		{72F2730A-4DDE-41F4-8CB3-E4CB9EBB9F9C}.Release|Any CPU.Build.0 = Release|Any CPU
	EndGlobalSection
	GlobalSection(SolutionProperties) = preSolution
		HideSolutionNode = FALSE
	EndGlobalSection
	GlobalSection(ExtensibilityGlobals) = postSolution
		SolutionGuid = {232FF5F2-E146-4F90-BA09-609B8C025768}
	EndGlobalSection
EndGlobal
